
Microsoft Visual Studio Solution File, Format Version 12.00
# Visual Studio Version 16
VisualStudioVersion = 16.0.29709.97
MinimumVisualStudioVersion = 10.0.40219.1
Project("{FAE04EC0-301F-11D3-BF4B-00C04F79EFBC}") = "Szkeduel2000", "Szkeduel2000\Szkeduel2000.csproj", "{D50A86A4-8A41-4871-B890-693EC0C0E469}"
EndProject
Global
	GlobalSection(SolutionConfigurationPlatforms) = preSolution
		Debug|Any CPU = Debug|Any CPU
		Release|Any CPU = Release|Any CPU
	EndGlobalSection
	GlobalSection(ProjectConfigurationPlatforms) = postSolution
		{D50A86A4-8A41-4871-B890-693EC0C0E469}.Debug|Any CPU.ActiveCfg = Debug|Any CPU
		{D50A86A4-8A41-4871-B890-693EC0C0E469}.Debug|Any CPU.Build.0 = Debug|Any CPU
		{D50A86A4-8A41-4871-B890-693EC0C0E469}.Release|Any CPU.ActiveCfg = Release|Any CPU
		{D50A86A4-8A41-4871-B890-693EC0C0E469}.Release|Any CPU.Build.0 = Release|Any CPU
	EndGlobalSection
	GlobalSection(SolutionProperties) = preSolution
		HideSolutionNode = FALSE
	EndGlobalSection
	GlobalSection(ExtensibilityGlobals) = postSolution
		SolutionGuid = {46884CF3-89CB-4207-AA47-F37C2CF4593A}
	EndGlobalSection
EndGlobal
